// !$*UTF8*$!
{
	archiveVersion = 1;
	classes = {
	};
	objectVersion = 46;
	objects = {

/* Begin PBXBuildFile section */
		273B4C601B21517D000AA559 /* AppDelegate.swift in Sources */ = {isa = PBXBuildFile; fileRef = 273B4C5F1B21517D000AA559 /* AppDelegate.swift */; };
		273B4C651B21517D000AA559 /* Main.storyboard in Resources */ = {isa = PBXBuildFile; fileRef = 273B4C631B21517D000AA559 /* Main.storyboard */; };
		273B4C671B21517D000AA559 /* Images.xcassets in Resources */ = {isa = PBXBuildFile; fileRef = 273B4C661B21517D000AA559 /* Images.xcassets */; };
		273B4C6A1B21517D000AA559 /* LaunchScreen.xib in Resources */ = {isa = PBXBuildFile; fileRef = 273B4C681B21517D000AA559 /* LaunchScreen.xib */; };
		273B4C761B21517D000AA559 /* OpenClassesTests.swift in Sources */ = {isa = PBXBuildFile; fileRef = 273B4C751B21517D000AA559 /* OpenClassesTests.swift */; };
		273B4C841B215411000AA559 /* OCAllClassesVC.swift in Sources */ = {isa = PBXBuildFile; fileRef = 273B4C831B215411000AA559 /* OCAllClassesVC.swift */; };
		273B4C861B215427000AA559 /* OCHomeVC.swift in Sources */ = {isa = PBXBuildFile; fileRef = 273B4C851B215427000AA559 /* OCHomeVC.swift */; };
		273B4C881B215435000AA559 /* OCMyVC.swift in Sources */ = {isa = PBXBuildFile; fileRef = 273B4C871B215435000AA559 /* OCMyVC.swift */; };
		273B4C8D1B216C1F000AA559 /* WTRequestCenter.swift in Sources */ = {isa = PBXBuildFile; fileRef = 273B4C8C1B216C1F000AA559 /* WTRequestCenter.swift */; };
		273B4C8F1B216F09000AA559 /* UIKit+WTRequestCenter.swift in Sources */ = {isa = PBXBuildFile; fileRef = 273B4C8E1B216F09000AA559 /* UIKit+WTRequestCenter.swift */; };
		273B4C911B21746D000AA559 /* OCModelCenter.swift in Sources */ = {isa = PBXBuildFile; fileRef = 273B4C901B21746D000AA559 /* OCModelCenter.swift */; };
		273B4C941B219DDE000AA559 /* OCHomeTitleCell.swift in Sources */ = {isa = PBXBuildFile; fileRef = 273B4C921B219DDE000AA559 /* OCHomeTitleCell.swift */; };
		273B4C951B219DDE000AA559 /* OCHomeTitleCell.xib in Resources */ = {isa = PBXBuildFile; fileRef = 273B4C931B219DDE000AA559 /* OCHomeTitleCell.xib */; };
/* End PBXBuildFile section */

/* Begin PBXContainerItemProxy section */
		273B4C701B21517D000AA559 /* PBXContainerItemProxy */ = {
			isa = PBXContainerItemProxy;
			containerPortal = 273B4C521B21517D000AA559 /* Project object */;
			proxyType = 1;
			remoteGlobalIDString = 273B4C591B21517D000AA559;
			remoteInfo = OpenClasses;
		};
/* End PBXContainerItemProxy section */

/* Begin PBXFileReference section */
		273B4C5A1B21517D000AA559 /* OpenClasses.app */ = {isa = PBXFileReference; explicitFileType = wrapper.application; includeInIndex = 0; path = OpenClasses.app; sourceTree = BUILT_PRODUCTS_DIR; };
		273B4C5E1B21517D000AA559 /* Info.plist */ = {isa = PBXFileReference; lastKnownFileType = text.plist.xml; path = Info.plist; sourceTree = "<group>"; };
		273B4C5F1B21517D000AA559 /* AppDelegate.swift */ = {isa = PBXFileReference; lastKnownFileType = sourcecode.swift; path = AppDelegate.swift; sourceTree = "<group>"; };
		273B4C641B21517D000AA559 /* Base */ = {isa = PBXFileReference; lastKnownFileType = file.storyboard; name = Base; path = Base.lproj/Main.storyboard; sourceTree = "<group>"; };
		273B4C661B21517D000AA559 /* Images.xcassets */ = {isa = PBXFileReference; lastKnownFileType = folder.assetcatalog; path = Images.xcassets; sourceTree = "<group>"; };
		273B4C691B21517D000AA559 /* Base */ = {isa = PBXFileReference; lastKnownFileType = file.xib; name = Base; path = Base.lproj/LaunchScreen.xib; sourceTree = "<group>"; };
		273B4C6F1B21517D000AA559 /* OpenClassesTests.xctest */ = {isa = PBXFileReference; explicitFileType = wrapper.cfbundle; includeInIndex = 0; path = OpenClassesTests.xctest; sourceTree = BUILT_PRODUCTS_DIR; };
		273B4C741B21517D000AA559 /* Info.plist */ = {isa = PBXFileReference; lastKnownFileType = text.plist.xml; path = Info.plist; sourceTree = "<group>"; };
		273B4C751B21517D000AA559 /* OpenClassesTests.swift */ = {isa = PBXFileReference; lastKnownFileType = sourcecode.swift; path = OpenClassesTests.swift; sourceTree = "<group>"; };
		273B4C831B215411000AA559 /* OCAllClassesVC.swift */ = {isa = PBXFileReference; fileEncoding = 4; lastKnownFileType = sourcecode.swift; path = OCAllClassesVC.swift; sourceTree = "<group>"; };
		273B4C851B215427000AA559 /* OCHomeVC.swift */ = {isa = PBXFileReference; fileEncoding = 4; lastKnownFileType = sourcecode.swift; path = OCHomeVC.swift; sourceTree = "<group>"; };
		273B4C871B215435000AA559 /* OCMyVC.swift */ = {isa = PBXFileReference; fileEncoding = 4; lastKnownFileType = sourcecode.swift; path = OCMyVC.swift; sourceTree = "<group>"; };
		273B4C8C1B216C1F000AA559 /* WTRequestCenter.swift */ = {isa = PBXFileReference; fileEncoding = 4; lastKnownFileType = sourcecode.swift; path = WTRequestCenter.swift; sourceTree = "<group>"; };
		273B4C8E1B216F09000AA559 /* UIKit+WTRequestCenter.swift */ = {isa = PBXFileReference; fileEncoding = 4; lastKnownFileType = sourcecode.swift; path = "UIKit+WTRequestCenter.swift"; sourceTree = "<group>"; };
		273B4C901B21746D000AA559 /* OCModelCenter.swift */ = {isa = PBXFileReference; fileEncoding = 4; lastKnownFileType = sourcecode.swift; path = OCModelCenter.swift; sourceTree = "<group>"; };
		273B4C921B219DDE000AA559 /* OCHomeTitleCell.swift */ = {isa = PBXFileReference; fileEncoding = 4; lastKnownFileType = sourcecode.swift; path = OCHomeTitleCell.swift; sourceTree = "<group>"; };
		273B4C931B219DDE000AA559 /* OCHomeTitleCell.xib */ = {isa = PBXFileReference; fileEncoding = 4; lastKnownFileType = file.xib; path = OCHomeTitleCell.xib; sourceTree = "<group>"; };
/* End PBXFileReference section */

/* Begin PBXFrameworksBuildPhase section */
		273B4C571B21517D000AA559 /* Frameworks */ = {
			isa = PBXFrameworksBuildPhase;
			buildActionMask = 2147483647;
			files = (
			);
			runOnlyForDeploymentPostprocessing = 0;
		};
		273B4C6C1B21517D000AA559 /* Frameworks */ = {
			isa = PBXFrameworksBuildPhase;
			buildActionMask = 2147483647;
			files = (
			);
			runOnlyForDeploymentPostprocessing = 0;
		};
/* End PBXFrameworksBuildPhase section */

/* Begin PBXGroup section */
		273B4C511B21517D000AA559 = {
			isa = PBXGroup;
			children = (
				273B4C5C1B21517D000AA559 /* OpenClasses */,
				273B4C721B21517D000AA559 /* OpenClassesTests */,
				273B4C5B1B21517D000AA559 /* Products */,
			);
			sourceTree = "<group>";
		};
		273B4C5B1B21517D000AA559 /* Products */ = {
			isa = PBXGroup;
			children = (
				273B4C5A1B21517D000AA559 /* OpenClasses.app */,
				273B4C6F1B21517D000AA559 /* OpenClassesTests.xctest */,
			);
			name = Products;
			sourceTree = "<group>";
		};
		273B4C5C1B21517D000AA559 /* OpenClasses */ = {
			isa = PBXGroup;
			children = (
				273B4C821B2153D7000AA559 /* main */,
				273B4C811B2153CF000AA559 /* Classes */,
				273B4C8B1B216C0F000AA559 /* Vender */,
				273B4C5D1B21517D000AA559 /* Supporting Files */,
			);
			path = OpenClasses;
			sourceTree = "<group>";
		};
		273B4C5D1B21517D000AA559 /* Supporting Files */ = {
			isa = PBXGroup;
			children = (
				273B4C5E1B21517D000AA559 /* Info.plist */,
			);
			name = "Supporting Files";
			sourceTree = "<group>";
		};
		273B4C721B21517D000AA559 /* OpenClassesTests */ = {
			isa = PBXGroup;
			children = (
				273B4C751B21517D000AA559 /* OpenClassesTests.swift */,
				273B4C731B21517D000AA559 /* Supporting Files */,
			);
			path = OpenClassesTests;
			sourceTree = "<group>";
		};
		273B4C731B21517D000AA559 /* Supporting Files */ = {
			isa = PBXGroup;
			children = (
				273B4C741B21517D000AA559 /* Info.plist */,
			);
			name = "Supporting Files";
			sourceTree = "<group>";
		};
		273B4C811B2153CF000AA559 /* Classes */ = {
			isa = PBXGroup;
			children = (
				273B4C8A1B21653D000AA559 /* ViewControllers */,
				273B4C891B216538000AA559 /* Views */,
			);
			name = Classes;
			sourceTree = "<group>";
		};
		273B4C821B2153D7000AA559 /* main */ = {
			isa = PBXGroup;
			children = (
				273B4C5F1B21517D000AA559 /* AppDelegate.swift */,
				273B4C631B21517D000AA559 /* Main.storyboard */,
				273B4C661B21517D000AA559 /* Images.xcassets */,
				273B4C681B21517D000AA559 /* LaunchScreen.xib */,
			);
			name = main;
			sourceTree = "<group>";
		};
		273B4C891B216538000AA559 /* Views */ = {
			isa = PBXGroup;
			children = (
				273B4C921B219DDE000AA559 /* OCHomeTitleCell.swift */,
				273B4C931B219DDE000AA559 /* OCHomeTitleCell.xib */,
			);
			name = Views;
			sourceTree = "<group>";
		};
		273B4C8A1B21653D000AA559 /* ViewControllers */ = {
			isa = PBXGroup;
			children = (
				273B4C851B215427000AA559 /* OCHomeVC.swift */,
				273B4C831B215411000AA559 /* OCAllClassesVC.swift */,
				273B4C871B215435000AA559 /* OCMyVC.swift */,
				273B4C901B21746D000AA559 /* OCModelCenter.swift */,
			);
			name = ViewControllers;
			sourceTree = "<group>";
		};
		273B4C8B1B216C0F000AA559 /* Vender */ = {
			isa = PBXGroup;
			children = (
				273B4C8C1B216C1F000AA559 /* WTRequestCenter.swift */,
				273B4C8E1B216F09000AA559 /* UIKit+WTRequestCenter.swift */,
			);
			name = Vender;
			sourceTree = "<group>";
		};
/* End PBXGroup section */

/* Begin PBXNativeTarget section */
		273B4C591B21517D000AA559 /* OpenClasses */ = {
			isa = PBXNativeTarget;
			buildConfigurationList = 273B4C791B21517D000AA559 /* Build configuration list for PBXNativeTarget "OpenClasses" */;
			buildPhases = (
				273B4C561B21517D000AA559 /* Sources */,
				273B4C571B21517D000AA559 /* Frameworks */,
				273B4C581B21517D000AA559 /* Resources */,
			);
			buildRules = (
			);
			dependencies = (
			);
			name = OpenClasses;
			productName = OpenClasses;
			productReference = 273B4C5A1B21517D000AA559 /* OpenClasses.app */;
			productType = "com.apple.product-type.application";
		};
		273B4C6E1B21517D000AA559 /* OpenClassesTests */ = {
			isa = PBXNativeTarget;
			buildConfigurationList = 273B4C7C1B21517D000AA559 /* Build configuration list for PBXNativeTarget "OpenClassesTests" */;
			buildPhases = (
				273B4C6B1B21517D000AA559 /* Sources */,
				273B4C6C1B21517D000AA559 /* Frameworks */,
				273B4C6D1B21517D000AA559 /* Resources */,
			);
			buildRules = (
			);
			dependencies = (
				273B4C711B21517D000AA559 /* PBXTargetDependency */,
			);
			name = OpenClassesTests;
			productName = OpenClassesTests;
			productReference = 273B4C6F1B21517D000AA559 /* OpenClassesTests.xctest */;
			productType = "com.apple.product-type.bundle.unit-test";
		};
/* End PBXNativeTarget section */

/* Begin PBXProject section */
		273B4C521B21517D000AA559 /* Project object */ = {
			isa = PBXProject;
			attributes = {
				CLASSPREFIX = OC;
				LastUpgradeCheck = 0630;
				ORGANIZATIONNAME = mike;
				TargetAttributes = {
					273B4C591B21517D000AA559 = {
						CreatedOnToolsVersion = 6.3.2;
					};
					273B4C6E1B21517D000AA559 = {
						CreatedOnToolsVersion = 6.3.2;
						TestTargetID = 273B4C591B21517D000AA559;
					};
				};
			};
			buildConfigurationList = 273B4C551B21517D000AA559 /* Build configuration list for PBXProject "OpenClasses" */;
			compatibilityVersion = "Xcode 3.2";
			developmentRegion = English;
			hasScannedForEncodings = 0;
			knownRegions = (
				en,
				Base,
			);
			mainGroup = 273B4C511B21517D000AA559;
			productRefGroup = 273B4C5B1B21517D000AA559 /* Products */;
			projectDirPath = "";
			projectRoot = "";
			targets = (
				273B4C591B21517D000AA559 /* OpenClasses */,
				273B4C6E1B21517D000AA559 /* OpenClassesTests */,
			);
		};
/* End PBXProject section */

/* Begin PBXResourcesBuildPhase section */
		273B4C581B21517D000AA559 /* Resources */ = {
			isa = PBXResourcesBuildPhase;
			buildActionMask = 2147483647;
			files = (
				273B4C651B21517D000AA559 /* Main.storyboard in Resources */,
				273B4C951B219DDE000AA559 /* OCHomeTitleCell.xib in Resources */,
				273B4C6A1B21517D000AA559 /* LaunchScreen.xib in Resources */,
				273B4C671B21517D000AA559 /* Images.xcassets in Resources */,
			);
			runOnlyForDeploymentPostprocessing = 0;
		};
		273B4C6D1B21517D000AA559 /* Resources */ = {
			isa = PBXResourcesBuildPhase;
			buildActionMask = 2147483647;
			files = (
			);
			runOnlyForDeploymentPostprocessing = 0;
		};
/* End PBXResourcesBuildPhase section */

/* Begin PBXSourcesBuildPhase section */
		273B4C561B21517D000AA559 /* Sources */ = {
			isa = PBXSourcesBuildPhase;
			buildActionMask = 2147483647;
			files = (
				273B4C8D1B216C1F000AA559 /* WTRequestCenter.swift in Sources */,
				273B4C911B21746D000AA559 /* OCModelCenter.swift in Sources */,
				273B4C861B215427000AA559 /* OCHomeVC.swift in Sources */,
				273B4C8F1B216F09000AA559 /* UIKit+WTRequestCenter.swift in Sources */,
				273B4C841B215411000AA559 /* OCAllClassesVC.swift in Sources */,
				273B4C941B219DDE000AA559 /* OCHomeTitleCell.swift in Sources */,
				273B4C881B215435000AA559 /* OCMyVC.swift in Sources */,
				273B4C601B21517D000AA559 /* AppDelegate.swift in Sources */,
			);
			runOnlyForDeploymentPostprocessing = 0;
		};
		273B4C6B1B21517D000AA559 /* Sources */ = {
			isa = PBXSourcesBuildPhase;
			buildActionMask = 2147483647;
			files = (
				273B4C761B21517D000AA559 /* OpenClassesTests.swift in Sources */,
			);
			runOnlyForDeploymentPostprocessing = 0;
		};
/* End PBXSourcesBuildPhase section */

/* Begin PBXTargetDependency section */
		273B4C711B21517D000AA559 /* PBXTargetDependency */ = {
			isa = PBXTargetDependency;
			target = 273B4C591B21517D000AA559 /* OpenClasses */;
			targetProxy = 273B4C701B21517D000AA559 /* PBXContainerItemProxy */;
		};
/* End PBXTargetDependency section */

/* Begin PBXVariantGroup section */
		273B4C631B21517D000AA559 /* Main.storyboard */ = {
			isa = PBXVariantGroup;
			children = (
				273B4C641B21517D000AA559 /* Base */,
			);
			name = Main.storyboard;
			sourceTree = "<group>";
		};
		273B4C681B21517D000AA559 /* LaunchScreen.xib */ = {
			isa = PBXVariantGroup;
			children = (
				273B4C691B21517D000AA559 /* Base */,
			);
			name = LaunchScreen.xib;
			sourceTree = "<group>";
		};
/* End PBXVariantGroup section */

/* Begin XCBuildConfiguration section */
		273B4C771B21517D000AA559 /* Debug */ = {
			isa = XCBuildConfiguration;
			buildSettings = {
				ALWAYS_SEARCH_USER_PATHS = NO;
				CLANG_CXX_LANGUAGE_STANDARD = "gnu++0x";
				CLANG_CXX_LIBRARY = "libc++";
				CLANG_ENABLE_MODULES = YES;
				CLANG_ENABLE_OBJC_ARC = YES;
				CLANG_WARN_BOOL_CONVERSION = YES;
				CLANG_WARN_CONSTANT_CONVERSION = YES;
				CLANG_WARN_DIRECT_OBJC_ISA_USAGE = YES_ERROR;
				CLANG_WARN_EMPTY_BODY = YES;
				CLANG_WARN_ENUM_CONVERSION = YES;
				CLANG_WARN_INT_CONVERSION = YES;
				CLANG_WARN_OBJC_ROOT_CLASS = YES_ERROR;
				CLANG_WARN_UNREACHABLE_CODE = YES;
				CLANG_WARN__DUPLICATE_METHOD_MATCH = YES;
				"CODE_SIGN_IDENTITY[sdk=iphoneos*]" = "iPhone Developer";
				COPY_PHASE_STRIP = NO;
				DEBUG_INFORMATION_FORMAT = "dwarf-with-dsym";
				ENABLE_STRICT_OBJC_MSGSEND = YES;
				GCC_C_LANGUAGE_STANDARD = gnu99;
				GCC_DYNAMIC_NO_PIC = NO;
				GCC_NO_COMMON_BLOCKS = YES;
				GCC_OPTIMIZATION_LEVEL = 0;
				GCC_PREPROCESSOR_DEFINITIONS = (
					"DEBUG=1",
					"$(inherited)",
				);
				GCC_SYMBOLS_PRIVATE_EXTERN = NO;
				GCC_WARN_64_TO_32_BIT_CONVERSION = YES;
				GCC_WARN_ABOUT_RETURN_TYPE = YES_ERROR;
				GCC_WARN_UNDECLARED_SELECTOR = YES;
				GCC_WARN_UNINITIALIZED_AUTOS = YES_AGGRESSIVE;
				GCC_WARN_UNUSED_FUNCTION = YES;
				GCC_WARN_UNUSED_VARIABLE = YES;
				IPHONEOS_DEPLOYMENT_TARGET = 8.3;
				MTL_ENABLE_DEBUG_INFO = YES;
				ONLY_ACTIVE_ARCH = YES;
				SDKROOT = iphoneos;
				SWIFT_OPTIMIZATION_LEVEL = "-Onone";
				TARGETED_DEVICE_FAMILY = "1,2";
			};
			name = Debug;
		};
		273B4C781B21517D000AA559 /* Release */ = {
			isa = XCBuildConfiguration;
			buildSettings = {
				ALWAYS_SEARCH_USER_PATHS = NO;
				CLANG_CXX_LANGUAGE_STANDARD = "gnu++0x";
				CLANG_CXX_LIBRARY = "libc++";
				CLANG_ENABLE_MODULES = YES;
				CLANG_ENABLE_OBJC_ARC = YES;
				CLANG_WARN_BOOL_CONVERSION = YES;
				CLANG_WARN_CONSTANT_CONVERSION = YES;
				CLANG_WARN_DIRECT_OBJC_ISA_USAGE = YES_ERROR;
				CLANG_WARN_EMPTY_BODY = YES;
				CLANG_WARN_ENUM_CONVERSION = YES;
				CLANG_WARN_INT_CONVERSION = YES;
				CLANG_WARN_OBJC_ROOT_CLASS = YES_ERROR;
				CLANG_WARN_UNREACHABLE_CODE = YES;
				CLANG_WARN__DUPLICATE_METHOD_MATCH = YES;
				"CODE_SIGN_IDENTITY[sdk=iphoneos*]" = "iPhone Developer";
				COPY_PHASE_STRIP = NO;
				DEBUG_INFORMATION_FORMAT = "dwarf-with-dsym";
				ENABLE_NS_ASSERTIONS = NO;
				ENABLE_STRICT_OBJC_MSGSEND = YES;
				GCC_C_LANGUAGE_STANDARD = gnu99;
				GCC_NO_COMMON_BLOCKS = YES;
				GCC_WARN_64_TO_32_BIT_CONVERSION = YES;
				GCC_WARN_ABOUT_RETURN_TYPE = YES_ERROR;
				GCC_WARN_UNDECLARED_SELECTOR = YES;
				GCC_WARN_UNINITIALIZED_AUTOS = YES_AGGRESSIVE;
				GCC_WARN_UNUSED_FUNCTION = YES;
				GCC_WARN_UNUSED_VARIABLE = YES;
				IPHONEOS_DEPLOYMENT_TARGET = 8.3;
				MTL_ENABLE_DEBUG_INFO = NO;
				SDKROOT = iphoneos;
				TARGETED_DEVICE_FAMILY = "1,2";
				VALIDATE_PRODUCT = YES;
			};
			name = Release;
		};
		273B4C7A1B21517D000AA559 /* Debug */ = {
			isa = XCBuildConfiguration;
			buildSettings = {
				ASSETCATALOG_COMPILER_APPICON_NAME = AppIcon;
				INFOPLIST_FILE = OpenClasses/Info.plist;
				LD_RUNPATH_SEARCH_PATHS = "$(inherited) @executable_path/Frameworks";
				PRODUCT_NAME = "$(TARGET_NAME)";
			};
			name = Debug;
		};
		273B4C7B1B21517D000AA559 /* Release */ = {
			isa = XCBuildConfiguration;
			buildSettings = {
				ASSETCATALOG_COMPILER_APPICON_NAME = AppIcon;
				INFOPLIST_FILE = OpenClasses/Info.plist;
				LD_RUNPATH_SEARCH_PATHS = "$(inherited) @executable_path/Frameworks";
				PRODUCT_NAME = "$(TARGET_NAME)";
			};
			name = Release;
		};
		273B4C7D1B21517D000AA559 /* Debug */ = {
			isa = XCBuildConfiguration;
			buildSettings = {
				BUNDLE_LOADER = "$(TEST_HOST)";
				FRAMEWORK_SEARCH_PATHS = (
					"$(SDKROOT)/Developer/Library/Frameworks",
					"$(inherited)",
				);
				GCC_PREPROCESSOR_DEFINITIONS = (
					"DEBUG=1",
					"$(inherited)",
				);
				INFOPLIST_FILE = OpenClassesTests/Info.plist;
				LD_RUNPATH_SEARCH_PATHS = "$(inherited) @executable_path/Frameworks @loader_path/Frameworks";
				PRODUCT_NAME = "$(TARGET_NAME)";
				TEST_HOST = "$(BUILT_PRODUCTS_DIR)/OpenClasses.app/OpenClasses";
			};
			name = Debug;
		};
		273B4C7E1B21517D000AA559 /* Release */ = {
			isa = XCBuildConfiguration;
			buildSettings = {
				BUNDLE_LOADER = "$(TEST_HOST)";
				FRAMEWORK_SEARCH_PATHS = (
					"$(SDKROOT)/Developer/Library/Frameworks",
					"$(inherited)",
				);
				INFOPLIST_FILE = OpenClassesTests/Info.plist;
				LD_RUNPATH_SEARCH_PATHS = "$(inherited) @executable_path/Frameworks @loader_path/Frameworks";
				PRODUCT_NAME = "$(TARGET_NAME)";
				TEST_HOST = "$(BUILT_PRODUCTS_DIR)/OpenClasses.app/OpenClasses";
			};
			name = Release;
		};
/* End XCBuildConfiguration section */

/* Begin XCConfigurationList section */
		273B4C551B21517D000AA559 /* Build configuration list for PBXProject "OpenClasses" */ = {
			isa = XCConfigurationList;
			buildConfigurations = (
				273B4C771B21517D000AA559 /* Debug */,
				273B4C781B21517D000AA559 /* Release */,
			);
			defaultConfigurationIsVisible = 0;
			defaultConfigurationName = Release;
		};
		273B4C791B21517D000AA559 /* Build configuration list for PBXNativeTarget "OpenClasses" */ = {
			isa = XCConfigurationList;
			buildConfigurations = (
				273B4C7A1B21517D000AA559 /* Debug */,
				273B4C7B1B21517D000AA559 /* Release */,
			);
			defaultConfigurationIsVisible = 0;
			defaultConfigurationName = Release;
		};
		273B4C7C1B21517D000AA559 /* Build configuration list for PBXNativeTarget "OpenClassesTests" */ = {
			isa = XCConfigurationList;
			buildConfigurations = (
				273B4C7D1B21517D000AA559 /* Debug */,
				273B4C7E1B21517D000AA559 /* Release */,
			);
			defaultConfigurationIsVisible = 0;
			defaultConfigurationName = Release;
		};
/* End XCConfigurationList section */
	};
	rootObject = 273B4C521B21517D000AA559 /* Project object */;
}
